// !$*UTF8*$!
{
	archiveVersion = 1;
	classes = {
	};
	objectVersion = 56;
	objects = {

/* Begin PBXBuildFile section */
		57071F4C2C9F741300A02C07 /* LandmarkList.swift in Sources */ = {isa = PBXBuildFile; fileRef = 57071F4A2C9F73EE00A02C07 /* LandmarkList.swift */; };
		57071F4F2C9F7B2900A02C07 /* LandmarkCommands.swift in Sources */ = {isa = PBXBuildFile; fileRef = 57071F4D2C9F7B0400A02C07 /* LandmarkCommands.swift */; };
		57071F512C9F801800A02C07 /* LandmarkSettings.swift in Sources */ = {isa = PBXBuildFile; fileRef = 57071F502C9F801800A02C07 /* LandmarkSettings.swift */; };
		570AE5D72C9248200021AEC4 /* CategoryHome.swift in Sources */ = {isa = PBXBuildFile; fileRef = 570AE5D62C9248200021AEC4 /* CategoryHome.swift */; };
		570AE5D92C924D3A0021AEC4 /* CategoryRow.swift in Sources */ = {isa = PBXBuildFile; fileRef = 570AE5D82C924D3A0021AEC4 /* CategoryRow.swift */; };
		570AE5DB2C9250A40021AEC4 /* CategoryItem.swift in Sources */ = {isa = PBXBuildFile; fileRef = 570AE5DA2C9250A40021AEC4 /* CategoryItem.swift */; };
		575204E82C9623AA00B0C872 /* PageViewController.swift in Sources */ = {isa = PBXBuildFile; fileRef = 575204E72C9623AA00B0C872 /* PageViewController.swift */; };
		575204EA2C96269200B0C872 /* FeatureCard.swift in Sources */ = {isa = PBXBuildFile; fileRef = 575204E92C96269200B0C872 /* FeatureCard.swift */; };
		575204EC2C96291C00B0C872 /* PageView.swift in Sources */ = {isa = PBXBuildFile; fileRef = 575204EB2C96291C00B0C872 /* PageView.swift */; };
		575204EE2C963AA100B0C872 /* PageControl.swift in Sources */ = {isa = PBXBuildFile; fileRef = 575204ED2C963AA100B0C872 /* PageControl.swift */; };
		5753D32B2C91037B00F5B97F /* hikeData.json in Resources */ = {isa = PBXBuildFile; fileRef = 5753D32A2C91037B00F5B97F /* hikeData.json */; };
		5753D32D2C91039C00F5B97F /* Hike.swift in Sources */ = {isa = PBXBuildFile; fileRef = 5753D32C2C91039C00F5B97F /* Hike.swift */; };
		5753D3332C91044700F5B97F /* GraphCapsule.swift in Sources */ = {isa = PBXBuildFile; fileRef = 5753D32E2C91044700F5B97F /* GraphCapsule.swift */; };
		5753D3342C91044700F5B97F /* HikeDetail.swift in Sources */ = {isa = PBXBuildFile; fileRef = 5753D32F2C91044700F5B97F /* HikeDetail.swift */; };
		5753D3352C91044700F5B97F /* HikeGraph.swift in Sources */ = {isa = PBXBuildFile; fileRef = 5753D3302C91044700F5B97F /* HikeGraph.swift */; };
		5753D3362C91044700F5B97F /* HikeView.swift in Sources */ = {isa = PBXBuildFile; fileRef = 5753D3312C91044700F5B97F /* HikeView.swift */; };
		575D867D2C8FA33A00134A27 /* HexagonParameters.swift in Sources */ = {isa = PBXBuildFile; fileRef = 575D867C2C8FA33A00134A27 /* HexagonParameters.swift */; };
		575D867F2C8FA5E100134A27 /* BadgeBackground.swift in Sources */ = {isa = PBXBuildFile; fileRef = 575D867E2C8FA5E100134A27 /* BadgeBackground.swift */; };
		575D86812C8FB2B300134A27 /* BadgeSymbol.swift in Sources */ = {isa = PBXBuildFile; fileRef = 575D86802C8FB2B300134A27 /* BadgeSymbol.swift */; };
		575D86832C8FB68100134A27 /* RotateBadgeSymbol.swift in Sources */ = {isa = PBXBuildFile; fileRef = 575D86822C8FB68100134A27 /* RotateBadgeSymbol.swift */; };
		575D86852C8FB77000134A27 /* Badge.swift in Sources */ = {isa = PBXBuildFile; fileRef = 575D86842C8FB77000134A27 /* Badge.swift */; };
		57654B4A2C93A849008E3CB3 /* ProfileHost.swift in Sources */ = {isa = PBXBuildFile; fileRef = 57654B492C93A849008E3CB3 /* ProfileHost.swift */; };
		57654B4C2C93A858008E3CB3 /* ProfileSummary.swift in Sources */ = {isa = PBXBuildFile; fileRef = 57654B4B2C93A858008E3CB3 /* ProfileSummary.swift */; };
		57654B4E2C93A86C008E3CB3 /* Profile.swift in Sources */ = {isa = PBXBuildFile; fileRef = 57654B4D2C93A86C008E3CB3 /* Profile.swift */; };
		57654B502C93ACBA008E3CB3 /* HikeBadge.swift in Sources */ = {isa = PBXBuildFile; fileRef = 57654B4F2C93ACBA008E3CB3 /* HikeBadge.swift */; };
		57654B522C93CC8E008E3CB3 /* ProfileEditor.swift in Sources */ = {isa = PBXBuildFile; fileRef = 57654B512C93CC8E008E3CB3 /* ProfileEditor.swift */; };
		577A41412C88857D00C16D2C /* MapView.swift in Sources */ = {isa = PBXBuildFile; fileRef = 577A41402C88857D00C16D2C /* MapView.swift */; };
		577A415D2C88979700C16D2C /* landmarkData.json in Resources */ = {isa = PBXBuildFile; fileRef = 577A415C2C88979700C16D2C /* landmarkData.json */; };
		577A415F2C8897DA00C16D2C /* Landmark.swift in Sources */ = {isa = PBXBuildFile; fileRef = 577A415E2C8897DA00C16D2C /* Landmark.swift */; };
		577A41612C889A4500C16D2C /* ModelData.swift in Sources */ = {isa = PBXBuildFile; fileRef = 577A41602C889A4500C16D2C /* ModelData.swift */; };
		577A41652C88A07600C16D2C /* LandmarkRow.swift in Sources */ = {isa = PBXBuildFile; fileRef = 577A41642C88A07600C16D2C /* LandmarkRow.swift */; };
		577A41672C88BDAD00C16D2C /* LandmarkList.swift in Sources */ = {isa = PBXBuildFile; fileRef = 577A41662C88BDAD00C16D2C /* LandmarkList.swift */; };
		577A41692C88C36A00C16D2C /* LandmarkDetail.swift in Sources */ = {isa = PBXBuildFile; fileRef = 577A41682C88C36A00C16D2C /* LandmarkDetail.swift */; };
		577A416E2C88FD0B00C16D2C /* FavoriteButton.swift in Sources */ = {isa = PBXBuildFile; fileRef = 577A416D2C88FD0B00C16D2C /* FavoriteButton.swift */; };
		5787653F2C9C8A9A00865C98 /* ContentView.swift in Sources */ = {isa = PBXBuildFile; fileRef = 5787653E2C9C8A9A00865C98 /* ContentView.swift */; };
		578765412C9C8A9B00865C98 /* Assets.xcassets in Resources */ = {isa = PBXBuildFile; fileRef = 578765402C9C8A9B00865C98 /* Assets.xcassets */; };
		578765442C9C8A9B00865C98 /* Preview Assets.xcassets in Resources */ = {isa = PBXBuildFile; fileRef = 578765432C9C8A9B00865C98 /* Preview Assets.xcassets */; };
		578765492C9C8D4500865C98 /* hikeData.json in Resources */ = {isa = PBXBuildFile; fileRef = 5753D32A2C91037B00F5B97F /* hikeData.json */; };
		5787654A2C9C8D4500865C98 /* landmarkData.json in Resources */ = {isa = PBXBuildFile; fileRef = 577A415C2C88979700C16D2C /* landmarkData.json */; };
		5787654B2C9C8D4500865C98 /* Assets.xcassets in Resources */ = {isa = PBXBuildFile; fileRef = 57D8079A2C87BEDD0097651F /* Assets.xcassets */; };
		5787654C2C9C8D4500865C98 /* ModelData.swift in Sources */ = {isa = PBXBuildFile; fileRef = 577A41602C889A4500C16D2C /* ModelData.swift */; };
		5787654D2C9C8D4500865C98 /* LandmarkRow.swift in Sources */ = {isa = PBXBuildFile; fileRef = 577A41642C88A07600C16D2C /* LandmarkRow.swift */; };
		5787654E2C9C8D4500865C98 /* Hike.swift in Sources */ = {isa = PBXBuildFile; fileRef = 5753D32C2C91039C00F5B97F /* Hike.swift */; };
		5787654F2C9C8D4500865C98 /* MapView.swift in Sources */ = {isa = PBXBuildFile; fileRef = 577A41402C88857D00C16D2C /* MapView.swift */; };
		578765502C9C8D4500865C98 /* FavoriteButton.swift in Sources */ = {isa = PBXBuildFile; fileRef = 577A416D2C88FD0B00C16D2C /* FavoriteButton.swift */; };
		578765512C9C8D4500865C98 /* LandmarkList.swift in Sources */ = {isa = PBXBuildFile; fileRef = 577A41662C88BDAD00C16D2C /* LandmarkList.swift */; };
		578765522C9C8D4500865C98 /* LandmarksApp.swift in Sources */ = {isa = PBXBuildFile; fileRef = 57D807962C87BEDC0097651F /* LandmarksApp.swift */; };
		578765532C9C8D4500865C98 /* Profile.swift in Sources */ = {isa = PBXBuildFile; fileRef = 57654B4D2C93A86C008E3CB3 /* Profile.swift */; };
		578765542C9C8D4500865C98 /* Landmark.swift in Sources */ = {isa = PBXBuildFile; fileRef = 577A415E2C8897DA00C16D2C /* Landmark.swift */; };
		578765552C9C8D4500865C98 /* CircleImage.swift in Sources */ = {isa = PBXBuildFile; fileRef = 57D807A62C87C6BE0097651F /* CircleImage.swift */; };
		578765572C9C8EB800865C98 /* LandmarkDetail.swift in Sources */ = {isa = PBXBuildFile; fileRef = 578765562C9C8EB800865C98 /* LandmarkDetail.swift */; };
		57D807972C87BEDC0097651F /* LandmarksApp.swift in Sources */ = {isa = PBXBuildFile; fileRef = 57D807962C87BEDC0097651F /* LandmarksApp.swift */; };
		57D807992C87BEDC0097651F /* ContentView.swift in Sources */ = {isa = PBXBuildFile; fileRef = 57D807982C87BEDC0097651F /* ContentView.swift */; };
		57D8079B2C87BEDD0097651F /* Assets.xcassets in Resources */ = {isa = PBXBuildFile; fileRef = 57D8079A2C87BEDD0097651F /* Assets.xcassets */; };
		57D8079E2C87BEDD0097651F /* Preview Assets.xcassets in Resources */ = {isa = PBXBuildFile; fileRef = 57D8079D2C87BEDD0097651F /* Preview Assets.xcassets */; };
		57D807A72C87C6BE0097651F /* CircleImage.swift in Sources */ = {isa = PBXBuildFile; fileRef = 57D807A62C87C6BE0097651F /* CircleImage.swift */; };
		57D878C32CA07E4B0023A478 /* LandmarkCommands.swift in Sources */ = {isa = PBXBuildFile; fileRef = 57071F4D2C9F7B0400A02C07 /* LandmarkCommands.swift */; };
		57DEB34C2C9764200096E517 /* ContentView.swift in Sources */ = {isa = PBXBuildFile; fileRef = 57DEB34B2C9764200096E517 /* ContentView.swift */; };
		57DEB34E2C9764210096E517 /* Assets.xcassets in Resources */ = {isa = PBXBuildFile; fileRef = 57DEB34D2C9764210096E517 /* Assets.xcassets */; };
		57DEB3512C9764210096E517 /* Preview Assets.xcassets in Resources */ = {isa = PBXBuildFile; fileRef = 57DEB3502C9764210096E517 /* Preview Assets.xcassets */; };
		57DEB3542C9764210096E517 /* WatchLandmarks Watch App.app in Embed Watch Content */ = {isa = PBXBuildFile; fileRef = 57DEB3472C9764200096E517 /* WatchLandmarks Watch App.app */; settings = {ATTRIBUTES = (RemoveHeadersOnCopy, ); }; };
		57DEB3592C9765810096E517 /* Assets.xcassets in Resources */ = {isa = PBXBuildFile; fileRef = 57D8079A2C87BEDD0097651F /* Assets.xcassets */; };
		57DEB35A2C9765810096E517 /* landmarkData.json in Resources */ = {isa = PBXBuildFile; fileRef = 577A415C2C88979700C16D2C /* landmarkData.json */; };
		57DEB35B2C9765810096E517 /* hikeData.json in Resources */ = {isa = PBXBuildFile; fileRef = 5753D32A2C91037B00F5B97F /* hikeData.json */; };
		57DEB35C2C9765810096E517 /* MapView.swift in Sources */ = {isa = PBXBuildFile; fileRef = 577A41402C88857D00C16D2C /* MapView.swift */; };
		57DEB35D2C9765810096E517 /* Landmark.swift in Sources */ = {isa = PBXBuildFile; fileRef = 577A415E2C8897DA00C16D2C /* Landmark.swift */; };
		57DEB35E2C9765810096E517 /* CircleImage.swift in Sources */ = {isa = PBXBuildFile; fileRef = 57D807A62C87C6BE0097651F /* CircleImage.swift */; };
		57DEB35F2C9765810096E517 /* LandmarksApp.swift in Sources */ = {isa = PBXBuildFile; fileRef = 57D807962C87BEDC0097651F /* LandmarksApp.swift */; };
		57DEB3602C9765810096E517 /* ModelData.swift in Sources */ = {isa = PBXBuildFile; fileRef = 577A41602C889A4500C16D2C /* ModelData.swift */; };
		57DEB3612C9765810096E517 /* Profile.swift in Sources */ = {isa = PBXBuildFile; fileRef = 57654B4D2C93A86C008E3CB3 /* Profile.swift */; };
		57DEB3632C9765810096E517 /* LandmarkRow.swift in Sources */ = {isa = PBXBuildFile; fileRef = 577A41642C88A07600C16D2C /* LandmarkRow.swift */; };
		57DEB3642C9765810096E517 /* Hike.swift in Sources */ = {isa = PBXBuildFile; fileRef = 5753D32C2C91039C00F5B97F /* Hike.swift */; };
		57DEB3662C9766830096E517 /* LandmarkDetail.swift in Sources */ = {isa = PBXBuildFile; fileRef = 57DEB3652C9766830096E517 /* LandmarkDetail.swift */; };
		57DEB3682C976D560096E517 /* NotificationView.swift in Sources */ = {isa = PBXBuildFile; fileRef = 57DEB3672C976D560096E517 /* NotificationView.swift */; };
		57DEB36A2C976DE60096E517 /* NotificationController.swift in Sources */ = {isa = PBXBuildFile; fileRef = 57DEB3692C976DE60096E517 /* NotificationController.swift */; };
/* End PBXBuildFile section */

/* Begin PBXContainerItemProxy section */
		57DEB3522C9764210096E517 /* PBXContainerItemProxy */ = {
			isa = PBXContainerItemProxy;
			containerPortal = 57D8078B2C87BEDC0097651F /* Project object */;
			proxyType = 1;
			remoteGlobalIDString = 57DEB3462C9764200096E517;
			remoteInfo = "WatchLandmarks Watch App";
		};
/* End PBXContainerItemProxy section */

/* Begin PBXCopyFilesBuildPhase section */
		57DEB3552C9764210096E517 /* Embed Watch Content */ = {
			isa = PBXCopyFilesBuildPhase;
			buildActionMask = 2147483647;
			dstPath = "$(CONTENTS_FOLDER_PATH)/Watch";
			dstSubfolderSpec = 16;
			files = (
				57DEB3542C9764210096E517 /* WatchLandmarks Watch App.app in Embed Watch Content */,
			);
			name = "Embed Watch Content";
			runOnlyForDeploymentPostprocessing = 0;
		};
/* End PBXCopyFilesBuildPhase section */

/* Begin PBXFileReference section */
		57071F4A2C9F73EE00A02C07 /* LandmarkList.swift */ = {isa = PBXFileReference; lastKnownFileType = sourcecode.swift; path = LandmarkList.swift; sourceTree = "<group>"; };
		57071F4D2C9F7B0400A02C07 /* LandmarkCommands.swift */ = {isa = PBXFileReference; lastKnownFileType = sourcecode.swift; path = LandmarkCommands.swift; sourceTree = "<group>"; };
		57071F502C9F801800A02C07 /* LandmarkSettings.swift */ = {isa = PBXFileReference; lastKnownFileType = sourcecode.swift; path = LandmarkSettings.swift; sourceTree = "<group>"; };
		570AE5D62C9248200021AEC4 /* CategoryHome.swift */ = {isa = PBXFileReference; lastKnownFileType = sourcecode.swift; path = CategoryHome.swift; sourceTree = "<group>"; };
		570AE5D82C924D3A0021AEC4 /* CategoryRow.swift */ = {isa = PBXFileReference; lastKnownFileType = sourcecode.swift; path = CategoryRow.swift; sourceTree = "<group>"; };
		570AE5DA2C9250A40021AEC4 /* CategoryItem.swift */ = {isa = PBXFileReference; lastKnownFileType = sourcecode.swift; path = CategoryItem.swift; sourceTree = "<group>"; };
		575204E72C9623AA00B0C872 /* PageViewController.swift */ = {isa = PBXFileReference; lastKnownFileType = sourcecode.swift; path = PageViewController.swift; sourceTree = "<group>"; };
		575204E92C96269200B0C872 /* FeatureCard.swift */ = {isa = PBXFileReference; lastKnownFileType = sourcecode.swift; path = FeatureCard.swift; sourceTree = "<group>"; };
		575204EB2C96291C00B0C872 /* PageView.swift */ = {isa = PBXFileReference; lastKnownFileType = sourcecode.swift; path = PageView.swift; sourceTree = "<group>"; };
		575204ED2C963AA100B0C872 /* PageControl.swift */ = {isa = PBXFileReference; lastKnownFileType = sourcecode.swift; path = PageControl.swift; sourceTree = "<group>"; };
		5753D32A2C91037B00F5B97F /* hikeData.json */ = {isa = PBXFileReference; fileEncoding = 4; lastKnownFileType = text.json; path = hikeData.json; sourceTree = "<group>"; };
		5753D32C2C91039C00F5B97F /* Hike.swift */ = {isa = PBXFileReference; lastKnownFileType = sourcecode.swift; path = Hike.swift; sourceTree = "<group>"; };
		5753D32E2C91044700F5B97F /* GraphCapsule.swift */ = {isa = PBXFileReference; fileEncoding = 4; lastKnownFileType = sourcecode.swift; path = GraphCapsule.swift; sourceTree = "<group>"; };
		5753D32F2C91044700F5B97F /* HikeDetail.swift */ = {isa = PBXFileReference; fileEncoding = 4; lastKnownFileType = sourcecode.swift; path = HikeDetail.swift; sourceTree = "<group>"; };
		5753D3302C91044700F5B97F /* HikeGraph.swift */ = {isa = PBXFileReference; fileEncoding = 4; lastKnownFileType = sourcecode.swift; path = HikeGraph.swift; sourceTree = "<group>"; };
		5753D3312C91044700F5B97F /* HikeView.swift */ = {isa = PBXFileReference; fileEncoding = 4; lastKnownFileType = sourcecode.swift; path = HikeView.swift; sourceTree = "<group>"; };
		575D867C2C8FA33A00134A27 /* HexagonParameters.swift */ = {isa = PBXFileReference; lastKnownFileType = sourcecode.swift; path = HexagonParameters.swift; sourceTree = "<group>"; };
		575D867E2C8FA5E100134A27 /* BadgeBackground.swift */ = {isa = PBXFileReference; lastKnownFileType = sourcecode.swift; path = BadgeBackground.swift; sourceTree = "<group>"; };
		575D86802C8FB2B300134A27 /* BadgeSymbol.swift */ = {isa = PBXFileReference; lastKnownFileType = sourcecode.swift; path = BadgeSymbol.swift; sourceTree = "<group>"; };
		575D86822C8FB68100134A27 /* RotateBadgeSymbol.swift */ = {isa = PBXFileReference; lastKnownFileType = sourcecode.swift; path = RotateBadgeSymbol.swift; sourceTree = "<group>"; };
		575D86842C8FB77000134A27 /* Badge.swift */ = {isa = PBXFileReference; lastKnownFileType = sourcecode.swift; path = Badge.swift; sourceTree = "<group>"; };
		57654B492C93A849008E3CB3 /* ProfileHost.swift */ = {isa = PBXFileReference; lastKnownFileType = sourcecode.swift; path = ProfileHost.swift; sourceTree = "<group>"; };
		57654B4B2C93A858008E3CB3 /* ProfileSummary.swift */ = {isa = PBXFileReference; lastKnownFileType = sourcecode.swift; path = ProfileSummary.swift; sourceTree = "<group>"; };
		57654B4D2C93A86C008E3CB3 /* Profile.swift */ = {isa = PBXFileReference; lastKnownFileType = sourcecode.swift; path = Profile.swift; sourceTree = "<group>"; };
		57654B4F2C93ACBA008E3CB3 /* HikeBadge.swift */ = {isa = PBXFileReference; lastKnownFileType = sourcecode.swift; path = HikeBadge.swift; sourceTree = "<group>"; };
		57654B512C93CC8E008E3CB3 /* ProfileEditor.swift */ = {isa = PBXFileReference; lastKnownFileType = sourcecode.swift; path = ProfileEditor.swift; sourceTree = "<group>"; };
		577A41402C88857D00C16D2C /* MapView.swift */ = {isa = PBXFileReference; lastKnownFileType = sourcecode.swift; path = MapView.swift; sourceTree = "<group>"; };
		577A415C2C88979700C16D2C /* landmarkData.json */ = {isa = PBXFileReference; fileEncoding = 4; lastKnownFileType = text.json; path = landmarkData.json; sourceTree = "<group>"; };
		577A415E2C8897DA00C16D2C /* Landmark.swift */ = {isa = PBXFileReference; lastKnownFileType = sourcecode.swift; path = Landmark.swift; sourceTree = "<group>"; };
		577A41602C889A4500C16D2C /* ModelData.swift */ = {isa = PBXFileReference; lastKnownFileType = sourcecode.swift; path = ModelData.swift; sourceTree = "<group>"; };
		577A41642C88A07600C16D2C /* LandmarkRow.swift */ = {isa = PBXFileReference; lastKnownFileType = sourcecode.swift; path = LandmarkRow.swift; sourceTree = "<group>"; };
		577A41662C88BDAD00C16D2C /* LandmarkList.swift */ = {isa = PBXFileReference; lastKnownFileType = sourcecode.swift; path = LandmarkList.swift; sourceTree = "<group>"; };
		577A41682C88C36A00C16D2C /* LandmarkDetail.swift */ = {isa = PBXFileReference; lastKnownFileType = sourcecode.swift; path = LandmarkDetail.swift; sourceTree = "<group>"; };
		577A416D2C88FD0B00C16D2C /* FavoriteButton.swift */ = {isa = PBXFileReference; lastKnownFileType = sourcecode.swift; path = FavoriteButton.swift; sourceTree = "<group>"; };
		5787653A2C9C8A9A00865C98 /* MacLandmarks.app */ = {isa = PBXFileReference; explicitFileType = wrapper.application; includeInIndex = 0; path = MacLandmarks.app; sourceTree = BUILT_PRODUCTS_DIR; };
		5787653E2C9C8A9A00865C98 /* ContentView.swift */ = {isa = PBXFileReference; lastKnownFileType = sourcecode.swift; path = ContentView.swift; sourceTree = "<group>"; };
		578765402C9C8A9B00865C98 /* Assets.xcassets */ = {isa = PBXFileReference; lastKnownFileType = folder.assetcatalog; path = Assets.xcassets; sourceTree = "<group>"; };
		578765432C9C8A9B00865C98 /* Preview Assets.xcassets */ = {isa = PBXFileReference; lastKnownFileType = folder.assetcatalog; path = "Preview Assets.xcassets"; sourceTree = "<group>"; };
		578765452C9C8A9B00865C98 /* MacLandmarks.entitlements */ = {isa = PBXFileReference; lastKnownFileType = text.plist.entitlements; path = MacLandmarks.entitlements; sourceTree = "<group>"; };
		578765562C9C8EB800865C98 /* LandmarkDetail.swift */ = {isa = PBXFileReference; lastKnownFileType = sourcecode.swift; path = LandmarkDetail.swift; sourceTree = "<group>"; };
		57D807932C87BEDC0097651F /* Landmarks.app */ = {isa = PBXFileReference; explicitFileType = wrapper.application; includeInIndex = 0; path = Landmarks.app; sourceTree = BUILT_PRODUCTS_DIR; };
		57D807962C87BEDC0097651F /* LandmarksApp.swift */ = {isa = PBXFileReference; lastKnownFileType = sourcecode.swift; path = LandmarksApp.swift; sourceTree = "<group>"; };
		57D807982C87BEDC0097651F /* ContentView.swift */ = {isa = PBXFileReference; lastKnownFileType = sourcecode.swift; path = ContentView.swift; sourceTree = "<group>"; };
		57D8079A2C87BEDD0097651F /* Assets.xcassets */ = {isa = PBXFileReference; lastKnownFileType = folder.assetcatalog; path = Assets.xcassets; sourceTree = "<group>"; };
		57D8079D2C87BEDD0097651F /* Preview Assets.xcassets */ = {isa = PBXFileReference; lastKnownFileType = folder.assetcatalog; path = "Preview Assets.xcassets"; sourceTree = "<group>"; };
		57D807A62C87C6BE0097651F /* CircleImage.swift */ = {isa = PBXFileReference; lastKnownFileType = sourcecode.swift; path = CircleImage.swift; sourceTree = "<group>"; };
		57DEB3472C9764200096E517 /* WatchLandmarks Watch App.app */ = {isa = PBXFileReference; explicitFileType = wrapper.application; includeInIndex = 0; path = "WatchLandmarks Watch App.app"; sourceTree = BUILT_PRODUCTS_DIR; };
		57DEB34B2C9764200096E517 /* ContentView.swift */ = {isa = PBXFileReference; lastKnownFileType = sourcecode.swift; path = ContentView.swift; sourceTree = "<group>"; };
		57DEB34D2C9764210096E517 /* Assets.xcassets */ = {isa = PBXFileReference; lastKnownFileType = folder.assetcatalog; path = Assets.xcassets; sourceTree = "<group>"; };
		57DEB3502C9764210096E517 /* Preview Assets.xcassets */ = {isa = PBXFileReference; lastKnownFileType = folder.assetcatalog; path = "Preview Assets.xcassets"; sourceTree = "<group>"; };
		57DEB3652C9766830096E517 /* LandmarkDetail.swift */ = {isa = PBXFileReference; lastKnownFileType = sourcecode.swift; path = LandmarkDetail.swift; sourceTree = "<group>"; };
		57DEB3672C976D560096E517 /* NotificationView.swift */ = {isa = PBXFileReference; lastKnownFileType = sourcecode.swift; path = NotificationView.swift; sourceTree = "<group>"; };
		57DEB3692C976DE60096E517 /* NotificationController.swift */ = {isa = PBXFileReference; lastKnownFileType = sourcecode.swift; path = NotificationController.swift; sourceTree = "<group>"; };
		57DEB36B2C976FBA0096E517 /* PushNotificationPayload.apns */ = {isa = PBXFileReference; lastKnownFileType = text; path = PushNotificationPayload.apns; sourceTree = "<group>"; };
/* End PBXFileReference section */

/* Begin PBXFrameworksBuildPhase section */
		578765372C9C8A9A00865C98 /* Frameworks */ = {
			isa = PBXFrameworksBuildPhase;
			buildActionMask = 2147483647;
			files = (
			);
			runOnlyForDeploymentPostprocessing = 0;
		};
		57D807902C87BEDC0097651F /* Frameworks */ = {
			isa = PBXFrameworksBuildPhase;
			buildActionMask = 2147483647;
			files = (
			);
			runOnlyForDeploymentPostprocessing = 0;
		};
		57DEB3442C9764200096E517 /* Frameworks */ = {
			isa = PBXFrameworksBuildPhase;
			buildActionMask = 2147483647;
			files = (
			);
			runOnlyForDeploymentPostprocessing = 0;
		};
/* End PBXFrameworksBuildPhase section */

/* Begin PBXGroup section */
		570AE5D52C9247F60021AEC4 /* Categories */ = {
			isa = PBXGroup;
			children = (
				570AE5D62C9248200021AEC4 /* CategoryHome.swift */,
				570AE5D82C924D3A0021AEC4 /* CategoryRow.swift */,
				570AE5DA2C9250A40021AEC4 /* CategoryItem.swift */,
			);
			path = Categories;
			sourceTree = "<group>";
		};
		575204EF2C9641F400B0C872 /* PageView */ = {
			isa = PBXGroup;
			children = (
				575204E72C9623AA00B0C872 /* PageViewController.swift */,
				575204E92C96269200B0C872 /* FeatureCard.swift */,
				575204EB2C96291C00B0C872 /* PageView.swift */,
				575204ED2C963AA100B0C872 /* PageControl.swift */,
			);
			path = PageView;
			sourceTree = "<group>";
		};
		5753D3322C91044700F5B97F /* Hikes */ = {
			isa = PBXGroup;
			children = (
				5753D32E2C91044700F5B97F /* GraphCapsule.swift */,
				5753D32F2C91044700F5B97F /* HikeDetail.swift */,
				5753D3302C91044700F5B97F /* HikeGraph.swift */,
				5753D3312C91044700F5B97F /* HikeView.swift */,
				57654B4F2C93ACBA008E3CB3 /* HikeBadge.swift */,
			);
			path = Hikes;
			sourceTree = "<group>";
		};
		575D86872C8FB8CC00134A27 /* Badges */ = {
			isa = PBXGroup;
			children = (
				575D867C2C8FA33A00134A27 /* HexagonParameters.swift */,
				575D867E2C8FA5E100134A27 /* BadgeBackground.swift */,
				575D86802C8FB2B300134A27 /* BadgeSymbol.swift */,
				575D86822C8FB68100134A27 /* RotateBadgeSymbol.swift */,
				575D86842C8FB77000134A27 /* Badge.swift */,
			);
			path = Badges;
			sourceTree = "<group>";
		};
		57654B482C93A837008E3CB3 /* Profile */ = {
			isa = PBXGroup;
			children = (
				57654B492C93A849008E3CB3 /* ProfileHost.swift */,
				57654B4B2C93A858008E3CB3 /* ProfileSummary.swift */,
				57654B512C93CC8E008E3CB3 /* ProfileEditor.swift */,
			);
			path = Profile;
			sourceTree = "<group>";
		};
		577A41422C88944000C16D2C /* Model */ = {
			isa = PBXGroup;
			children = (
				577A415E2C8897DA00C16D2C /* Landmark.swift */,
				577A41602C889A4500C16D2C /* ModelData.swift */,
				5753D32C2C91039C00F5B97F /* Hike.swift */,
				57654B4D2C93A86C008E3CB3 /* Profile.swift */,
			);
			path = Model;
			sourceTree = "<group>";
		};
		577A41432C88944B00C16D2C /* View */ = {
			isa = PBXGroup;
			children = (
				575204EF2C9641F400B0C872 /* PageView */,
				57654B482C93A837008E3CB3 /* Profile */,
				570AE5D52C9247F60021AEC4 /* Categories */,
				5753D3322C91044700F5B97F /* Hikes */,
				575D86872C8FB8CC00134A27 /* Badges */,
				577A416A2C88FC8D00C16D2C /* Landmarks */,
				577A416C2C88FCC800C16D2C /* Helper */,
				57D807982C87BEDC0097651F /* ContentView.swift */,
			);
			path = View;
			sourceTree = "<group>";
		};
		577A41442C88945300C16D2C /* Resources */ = {
			isa = PBXGroup;
			children = (
				5753D32A2C91037B00F5B97F /* hikeData.json */,
				577A415C2C88979700C16D2C /* landmarkData.json */,
			);
			path = Resources;
			sourceTree = "<group>";
		};
		577A416A2C88FC8D00C16D2C /* Landmarks */ = {
			isa = PBXGroup;
			children = (
				577A41662C88BDAD00C16D2C /* LandmarkList.swift */,
				577A41642C88A07600C16D2C /* LandmarkRow.swift */,
				577A41682C88C36A00C16D2C /* LandmarkDetail.swift */,
			);
			path = Landmarks;
			sourceTree = "<group>";
		};
		577A416C2C88FCC800C16D2C /* Helper */ = {
			isa = PBXGroup;
			children = (
				577A41402C88857D00C16D2C /* MapView.swift */,
				57D807A62C87C6BE0097651F /* CircleImage.swift */,
				577A416D2C88FD0B00C16D2C /* FavoriteButton.swift */,
			);
			path = Helper;
			sourceTree = "<group>";
		};
		5787653B2C9C8A9A00865C98 /* MacLandmarks */ = {
			isa = PBXGroup;
			children = (
				5787653E2C9C8A9A00865C98 /* ContentView.swift */,
				578765562C9C8EB800865C98 /* LandmarkDetail.swift */,
				57071F4D2C9F7B0400A02C07 /* LandmarkCommands.swift */,
				57071F502C9F801800A02C07 /* LandmarkSettings.swift */,
				578765402C9C8A9B00865C98 /* Assets.xcassets */,
				578765452C9C8A9B00865C98 /* MacLandmarks.entitlements */,
				578765422C9C8A9B00865C98 /* Preview Content */,
			);
			path = MacLandmarks;
			sourceTree = "<group>";
		};
		578765422C9C8A9B00865C98 /* Preview Content */ = {
			isa = PBXGroup;
			children = (
				578765432C9C8A9B00865C98 /* Preview Assets.xcassets */,
			);
			path = "Preview Content";
			sourceTree = "<group>";
		};
		57D8078A2C87BEDC0097651F = {
			isa = PBXGroup;
			children = (
				57D807952C87BEDC0097651F /* Landmarks */,
				57DEB3482C9764200096E517 /* WatchLandmarks Watch App */,
				5787653B2C9C8A9A00865C98 /* MacLandmarks */,
				57D807942C87BEDC0097651F /* Products */,
			);
			sourceTree = "<group>";
		};
		57D807942C87BEDC0097651F /* Products */ = {
			isa = PBXGroup;
			children = (
				57D807932C87BEDC0097651F /* Landmarks.app */,
				57DEB3472C9764200096E517 /* WatchLandmarks Watch App.app */,
				5787653A2C9C8A9A00865C98 /* MacLandmarks.app */,
			);
			name = Products;
			sourceTree = "<group>";
		};
		57D807952C87BEDC0097651F /* Landmarks */ = {
			isa = PBXGroup;
			children = (
				57D807962C87BEDC0097651F /* LandmarksApp.swift */,
				577A41422C88944000C16D2C /* Model */,
				577A41432C88944B00C16D2C /* View */,
				577A41442C88945300C16D2C /* Resources */,
				57D8079A2C87BEDD0097651F /* Assets.xcassets */,
				57D8079C2C87BEDD0097651F /* Preview Content */,
			);
			path = Landmarks;
			sourceTree = "<group>";
		};
		57D8079C2C87BEDD0097651F /* Preview Content */ = {
			isa = PBXGroup;
			children = (
				57D8079D2C87BEDD0097651F /* Preview Assets.xcassets */,
			);
			path = "Preview Content";
			sourceTree = "<group>";
		};
		57DEB3482C9764200096E517 /* WatchLandmarks Watch App */ = {
			isa = PBXGroup;
			children = (
				57DEB34B2C9764200096E517 /* ContentView.swift */,
				57071F4A2C9F73EE00A02C07 /* LandmarkList.swift */,
				57DEB3652C9766830096E517 /* LandmarkDetail.swift */,
				57DEB3672C976D560096E517 /* NotificationView.swift */,
				57DEB3692C976DE60096E517 /* NotificationController.swift */,
				57DEB36B2C976FBA0096E517 /* PushNotificationPayload.apns */,
				57DEB34D2C9764210096E517 /* Assets.xcassets */,
				57DEB34F2C9764210096E517 /* Preview Content */,
			);
			path = "WatchLandmarks Watch App";
			sourceTree = "<group>";
		};
		57DEB34F2C9764210096E517 /* Preview Content */ = {
			isa = PBXGroup;
			children = (
				57DEB3502C9764210096E517 /* Preview Assets.xcassets */,
			);
			path = "Preview Content";
			sourceTree = "<group>";
		};
/* End PBXGroup section */

/* Begin PBXNativeTarget section */
		578765392C9C8A9A00865C98 /* MacLandmarks */ = {
			isa = PBXNativeTarget;
			buildConfigurationList = 578765482C9C8A9B00865C98 /* Build configuration list for PBXNativeTarget "MacLandmarks" */;
			buildPhases = (
				578765362C9C8A9A00865C98 /* Sources */,
				578765372C9C8A9A00865C98 /* Frameworks */,
				578765382C9C8A9A00865C98 /* Resources */,
			);
			buildRules = (
			);
			dependencies = (
			);
			name = MacLandmarks;
			productName = MacLandmarks;
			productReference = 5787653A2C9C8A9A00865C98 /* MacLandmarks.app */;
			productType = "com.apple.product-type.application";
		};
		57D807922C87BEDC0097651F /* Landmarks */ = {
			isa = PBXNativeTarget;
			buildConfigurationList = 57D807A12C87BEDD0097651F /* Build configuration list for PBXNativeTarget "Landmarks" */;
			buildPhases = (
				57D8078F2C87BEDC0097651F /* Sources */,
				57D807902C87BEDC0097651F /* Frameworks */,
				57D807912C87BEDC0097651F /* Resources */,
				57DEB3552C9764210096E517 /* Embed Watch Content */,
			);
			buildRules = (
			);
			dependencies = (
				57DEB3532C9764210096E517 /* PBXTargetDependency */,
			);
			name = Landmarks;
			productName = Landmarks;
			productReference = 57D807932C87BEDC0097651F /* Landmarks.app */;
			productType = "com.apple.product-type.application";
		};
		57DEB3462C9764200096E517 /* WatchLandmarks Watch App */ = {
			isa = PBXNativeTarget;
			buildConfigurationList = 57DEB3582C9764210096E517 /* Build configuration list for PBXNativeTarget "WatchLandmarks Watch App" */;
			buildPhases = (
				57DEB3432C9764200096E517 /* Sources */,
				57DEB3442C9764200096E517 /* Frameworks */,
				57DEB3452C9764200096E517 /* Resources */,
			);
			buildRules = (
			);
			dependencies = (
			);
			name = "WatchLandmarks Watch App";
			productName = "WatchLandmarks Watch App";
			productReference = 57DEB3472C9764200096E517 /* WatchLandmarks Watch App.app */;
			productType = "com.apple.product-type.application";
		};
/* End PBXNativeTarget section */

/* Begin PBXProject section */
		57D8078B2C87BEDC0097651F /* Project object */ = {
			isa = PBXProject;
			attributes = {
				BuildIndependentTargetsInParallel = 1;
				LastSwiftUpdateCheck = 1540;
				LastUpgradeCheck = 1540;
				TargetAttributes = {
					578765392C9C8A9A00865C98 = {
						CreatedOnToolsVersion = 15.4;
					};
					57D807922C87BEDC0097651F = {
						CreatedOnToolsVersion = 15.4;
					};
					57DEB3462C9764200096E517 = {
						CreatedOnToolsVersion = 15.4;
					};
				};
			};
			buildConfigurationList = 57D8078E2C87BEDC0097651F /* Build configuration list for PBXProject "Landmarks" */;
			compatibilityVersion = "Xcode 14.0";
			developmentRegion = en;
			hasScannedForEncodings = 0;
			knownRegions = (
				en,
				Base,
			);
			mainGroup = 57D8078A2C87BEDC0097651F;
			productRefGroup = 57D807942C87BEDC0097651F /* Products */;
			projectDirPath = "";
			projectRoot = "";
			targets = (
				57D807922C87BEDC0097651F /* Landmarks */,
				57DEB3462C9764200096E517 /* WatchLandmarks Watch App */,
				578765392C9C8A9A00865C98 /* MacLandmarks */,
			);
		};
/* End PBXProject section */

/* Begin PBXResourcesBuildPhase section */
		578765382C9C8A9A00865C98 /* Resources */ = {
			isa = PBXResourcesBuildPhase;
			buildActionMask = 2147483647;
			files = (
				578765442C9C8A9B00865C98 /* Preview Assets.xcassets in Resources */,
				578765492C9C8D4500865C98 /* hikeData.json in Resources */,
				5787654A2C9C8D4500865C98 /* landmarkData.json in Resources */,
				5787654B2C9C8D4500865C98 /* Assets.xcassets in Resources */,
				578765412C9C8A9B00865C98 /* Assets.xcassets in Resources */,
			);
			runOnlyForDeploymentPostprocessing = 0;
		};
		57D807912C87BEDC0097651F /* Resources */ = {
			isa = PBXResourcesBuildPhase;
			buildActionMask = 2147483647;
			files = (
				5753D32B2C91037B00F5B97F /* hikeData.json in Resources */,
				57D8079E2C87BEDD0097651F /* Preview Assets.xcassets in Resources */,
				57D8079B2C87BEDD0097651F /* Assets.xcassets in Resources */,
				577A415D2C88979700C16D2C /* landmarkData.json in Resources */,
			);
			runOnlyForDeploymentPostprocessing = 0;
		};
		57DEB3452C9764200096E517 /* Resources */ = {
			isa = PBXResourcesBuildPhase;
			buildActionMask = 2147483647;
			files = (
				57DEB3592C9765810096E517 /* Assets.xcassets in Resources */,
				57DEB35A2C9765810096E517 /* landmarkData.json in Resources */,
				57DEB35B2C9765810096E517 /* hikeData.json in Resources */,
				57DEB3512C9764210096E517 /* Preview Assets.xcassets in Resources */,
				57DEB34E2C9764210096E517 /* Assets.xcassets in Resources */,
			);
			runOnlyForDeploymentPostprocessing = 0;
		};
/* End PBXResourcesBuildPhase section */

/* Begin PBXSourcesBuildPhase section */
		578765362C9C8A9A00865C98 /* Sources */ = {
			isa = PBXSourcesBuildPhase;
			buildActionMask = 2147483647;
			files = (
				5787654C2C9C8D4500865C98 /* ModelData.swift in Sources */,
				5787654D2C9C8D4500865C98 /* LandmarkRow.swift in Sources */,
				57071F512C9F801800A02C07 /* LandmarkSettings.swift in Sources */,
				5787654E2C9C8D4500865C98 /* Hike.swift in Sources */,
				5787654F2C9C8D4500865C98 /* MapView.swift in Sources */,
				57071F4F2C9F7B2900A02C07 /* LandmarkCommands.swift in Sources */,
				578765572C9C8EB800865C98 /* LandmarkDetail.swift in Sources */,
				578765502C9C8D4500865C98 /* FavoriteButton.swift in Sources */,
				578765512C9C8D4500865C98 /* LandmarkList.swift in Sources */,
				578765522C9C8D4500865C98 /* LandmarksApp.swift in Sources */,
				578765532C9C8D4500865C98 /* Profile.swift in Sources */,
				578765542C9C8D4500865C98 /* Landmark.swift in Sources */,
				578765552C9C8D4500865C98 /* CircleImage.swift in Sources */,
				5787653F2C9C8A9A00865C98 /* ContentView.swift in Sources */,
			);
			runOnlyForDeploymentPostprocessing = 0;
		};
		57D8078F2C87BEDC0097651F /* Sources */ = {
			isa = PBXSourcesBuildPhase;
			buildActionMask = 2147483647;
			files = (
				570AE5D92C924D3A0021AEC4 /* CategoryRow.swift in Sources */,
				57D807992C87BEDC0097651F /* ContentView.swift in Sources */,
				57D878C32CA07E4B0023A478 /* LandmarkCommands.swift in Sources */,
				570AE5D72C9248200021AEC4 /* CategoryHome.swift in Sources */,
				57654B4E2C93A86C008E3CB3 /* Profile.swift in Sources */,
				575204EA2C96269200B0C872 /* FeatureCard.swift in Sources */,
				57654B4A2C93A849008E3CB3 /* ProfileHost.swift in Sources */,
				575D86852C8FB77000134A27 /* Badge.swift in Sources */,
				577A41412C88857D00C16D2C /* MapView.swift in Sources */,
				5753D3332C91044700F5B97F /* GraphCapsule.swift in Sources */,
				5753D3352C91044700F5B97F /* HikeGraph.swift in Sources */,
				575204EE2C963AA100B0C872 /* PageControl.swift in Sources */,
				575D86832C8FB68100134A27 /* RotateBadgeSymbol.swift in Sources */,
				57D807972C87BEDC0097651F /* LandmarksApp.swift in Sources */,
				570AE5DB2C9250A40021AEC4 /* CategoryItem.swift in Sources */,
				577A416E2C88FD0B00C16D2C /* FavoriteButton.swift in Sources */,
				5753D32D2C91039C00F5B97F /* Hike.swift in Sources */,
				575D867D2C8FA33A00134A27 /* HexagonParameters.swift in Sources */,
				575D86812C8FB2B300134A27 /* BadgeSymbol.swift in Sources */,
				577A41672C88BDAD00C16D2C /* LandmarkList.swift in Sources */,
				575204EC2C96291C00B0C872 /* PageView.swift in Sources */,
				5753D3342C91044700F5B97F /* HikeDetail.swift in Sources */,
				57654B522C93CC8E008E3CB3 /* ProfileEditor.swift in Sources */,
				5753D3362C91044700F5B97F /* HikeView.swift in Sources */,
				577A41692C88C36A00C16D2C /* LandmarkDetail.swift in Sources */,
				575D867F2C8FA5E100134A27 /* BadgeBackground.swift in Sources */,
				575204E82C9623AA00B0C872 /* PageViewController.swift in Sources */,
				57D807A72C87C6BE0097651F /* CircleImage.swift in Sources */,
				57654B502C93ACBA008E3CB3 /* HikeBadge.swift in Sources */,
				577A415F2C8897DA00C16D2C /* Landmark.swift in Sources */,
				57654B4C2C93A858008E3CB3 /* ProfileSummary.swift in Sources */,
				577A41652C88A07600C16D2C /* LandmarkRow.swift in Sources */,
				577A41612C889A4500C16D2C /* ModelData.swift in Sources */,
			);
			runOnlyForDeploymentPostprocessing = 0;
		};
		57DEB3432C9764200096E517 /* Sources */ = {
			isa = PBXSourcesBuildPhase;
			buildActionMask = 2147483647;
			files = (
				57DEB34C2C9764200096E517 /* ContentView.swift in Sources */,
				57DEB35C2C9765810096E517 /* MapView.swift in Sources */,
				57DEB35D2C9765810096E517 /* Landmark.swift in Sources */,
				57DEB35E2C9765810096E517 /* CircleImage.swift in Sources */,
				57071F4C2C9F741300A02C07 /* LandmarkList.swift in Sources */,
				57DEB35F2C9765810096E517 /* LandmarksApp.swift in Sources */,
				57DEB3602C9765810096E517 /* ModelData.swift in Sources */,
				57DEB3612C9765810096E517 /* Profile.swift in Sources */,
				57DEB3632C9765810096E517 /* LandmarkRow.swift in Sources */,
				57DEB36A2C976DE60096E517 /* NotificationController.swift in Sources */,
				57DEB3642C9765810096E517 /* Hike.swift in Sources */,
				57DEB3662C9766830096E517 /* LandmarkDetail.swift in Sources */,
				57DEB3682C976D560096E517 /* NotificationView.swift in Sources */,
			);
			runOnlyForDeploymentPostprocessing = 0;
		};
/* End PBXSourcesBuildPhase section */

/* Begin PBXTargetDependency section */
		57DEB3532C9764210096E517 /* PBXTargetDependency */ = {
			isa = PBXTargetDependency;
			target = 57DEB3462C9764200096E517 /* WatchLandmarks Watch App */;
			targetProxy = 57DEB3522C9764210096E517 /* PBXContainerItemProxy */;
		};
/* End PBXTargetDependency section */

/* Begin XCBuildConfiguration section */
		578765462C9C8A9B00865C98 /* Debug */ = {
			isa = XCBuildConfiguration;
			buildSettings = {
				ASSETCATALOG_COMPILER_APPICON_NAME = AppIcon;
				ASSETCATALOG_COMPILER_GLOBAL_ACCENT_COLOR_NAME = AccentColor;
				CODE_SIGN_ENTITLEMENTS = MacLandmarks/MacLandmarks.entitlements;
				CODE_SIGN_STYLE = Automatic;
				COMBINE_HIDPI_IMAGES = YES;
				CURRENT_PROJECT_VERSION = 1;
				DEVELOPMENT_ASSET_PATHS = "\"MacLandmarks/Preview Content\"";
				ENABLE_PREVIEWS = YES;
				GENERATE_INFOPLIST_FILE = YES;
				INFOPLIST_KEY_NSHumanReadableCopyright = "";
				LD_RUNPATH_SEARCH_PATHS = (
					"$(inherited)",
					"@executable_path/../Frameworks",
				);
				MACOSX_DEPLOYMENT_TARGET = 14.4;
				MARKETING_VERSION = 1.0;
				PRODUCT_BUNDLE_IDENTIFIER = maximus.MacLandmarks;
				PRODUCT_NAME = "$(TARGET_NAME)";
				SDKROOT = macosx;
				SWIFT_EMIT_LOC_STRINGS = YES;
				SWIFT_VERSION = 5.0;
			};
			name = Debug;
		};
		578765472C9C8A9B00865C98 /* Release */ = {
			isa = XCBuildConfiguration;
			buildSettings = {
				ASSETCATALOG_COMPILER_APPICON_NAME = AppIcon;
				ASSETCATALOG_COMPILER_GLOBAL_ACCENT_COLOR_NAME = AccentColor;
				CODE_SIGN_ENTITLEMENTS = MacLandmarks/MacLandmarks.entitlements;
				CODE_SIGN_STYLE = Automatic;
				COMBINE_HIDPI_IMAGES = YES;
				CURRENT_PROJECT_VERSION = 1;
				DEVELOPMENT_ASSET_PATHS = "\"MacLandmarks/Preview Content\"";
				ENABLE_PREVIEWS = YES;
				GENERATE_INFOPLIST_FILE = YES;
				INFOPLIST_KEY_NSHumanReadableCopyright = "";
				LD_RUNPATH_SEARCH_PATHS = (
					"$(inherited)",
					"@executable_path/../Frameworks",
				);
				MACOSX_DEPLOYMENT_TARGET = 14.4;
				MARKETING_VERSION = 1.0;
				PRODUCT_BUNDLE_IDENTIFIER = maximus.MacLandmarks;
				PRODUCT_NAME = "$(TARGET_NAME)";
				SDKROOT = macosx;
				SWIFT_EMIT_LOC_STRINGS = YES;
				SWIFT_VERSION = 5.0;
			};
			name = Release;
		};
		57D8079F2C87BEDD0097651F /* Debug */ = {
			isa = XCBuildConfiguration;
			buildSettings = {
				ALWAYS_SEARCH_USER_PATHS = NO;
				ASSETCATALOG_COMPILER_GENERATE_SWIFT_ASSET_SYMBOL_EXTENSIONS = YES;
				CLANG_ANALYZER_NONNULL = YES;
				CLANG_ANALYZER_NUMBER_OBJECT_CONVERSION = YES_AGGRESSIVE;
				CLANG_CXX_LANGUAGE_STANDARD = "gnu++20";
				CLANG_ENABLE_MODULES = YES;
				CLANG_ENABLE_OBJC_ARC = YES;
				CLANG_ENABLE_OBJC_WEAK = YES;
				CLANG_WARN_BLOCK_CAPTURE_AUTORELEASING = YES;
				CLANG_WARN_BOOL_CONVERSION = YES;
				CLANG_WARN_COMMA = YES;
				CLANG_WARN_CONSTANT_CONVERSION = YES;
				CLANG_WARN_DEPRECATED_OBJC_IMPLEMENTATIONS = YES;
				CLANG_WARN_DIRECT_OBJC_ISA_USAGE = YES_ERROR;
				CLANG_WARN_DOCUMENTATION_COMMENTS = YES;
				CLANG_WARN_EMPTY_BODY = YES;
				CLANG_WARN_ENUM_CONVERSION = YES;
				CLANG_WARN_INFINITE_RECURSION = YES;
				CLANG_WARN_INT_CONVERSION = YES;
				CLANG_WARN_NON_LITERAL_NULL_CONVERSION = YES;
				CLANG_WARN_OBJC_IMPLICIT_RETAIN_SELF = YES;
				CLANG_WARN_OBJC_LITERAL_CONVERSION = YES;
				CLANG_WARN_OBJC_ROOT_CLASS = YES_ERROR;
				CLANG_WARN_QUOTED_INCLUDE_IN_FRAMEWORK_HEADER = YES;
				CLANG_WARN_RANGE_LOOP_ANALYSIS = YES;
				CLANG_WARN_STRICT_PROTOTYPES = YES;
				CLANG_WARN_SUSPICIOUS_MOVE = YES;
				CLANG_WARN_UNGUARDED_AVAILABILITY = YES_AGGRESSIVE;
				CLANG_WARN_UNREACHABLE_CODE = YES;
				CLANG_WARN__DUPLICATE_METHOD_MATCH = YES;
				COPY_PHASE_STRIP = NO;
				DEBUG_INFORMATION_FORMAT = dwarf;
				ENABLE_STRICT_OBJC_MSGSEND = YES;
				ENABLE_TESTABILITY = YES;
				ENABLE_USER_SCRIPT_SANDBOXING = YES;
				GCC_C_LANGUAGE_STANDARD = gnu17;
				GCC_DYNAMIC_NO_PIC = NO;
				GCC_NO_COMMON_BLOCKS = YES;
				GCC_OPTIMIZATION_LEVEL = 0;
				GCC_PREPROCESSOR_DEFINITIONS = (
					"DEBUG=1",
					"$(inherited)",
				);
				GCC_WARN_64_TO_32_BIT_CONVERSION = YES;
				GCC_WARN_ABOUT_RETURN_TYPE = YES_ERROR;
				GCC_WARN_UNDECLARED_SELECTOR = YES;
				GCC_WARN_UNINITIALIZED_AUTOS = YES_AGGRESSIVE;
				GCC_WARN_UNUSED_FUNCTION = YES;
				GCC_WARN_UNUSED_VARIABLE = YES;
				IPHONEOS_DEPLOYMENT_TARGET = 17.5;
				LOCALIZATION_PREFERS_STRING_CATALOGS = YES;
				MTL_ENABLE_DEBUG_INFO = INCLUDE_SOURCE;
				MTL_FAST_MATH = YES;
				ONLY_ACTIVE_ARCH = YES;
				SDKROOT = iphoneos;
				SWIFT_ACTIVE_COMPILATION_CONDITIONS = "DEBUG $(inherited)";
				SWIFT_OPTIMIZATION_LEVEL = "-Onone";
			};
			name = Debug;
		};
		57D807A02C87BEDD0097651F /* Release */ = {
			isa = XCBuildConfiguration;
			buildSettings = {
				ALWAYS_SEARCH_USER_PATHS = NO;
				ASSETCATALOG_COMPILER_GENERATE_SWIFT_ASSET_SYMBOL_EXTENSIONS = YES;
				CLANG_ANALYZER_NONNULL = YES;
				CLANG_ANALYZER_NUMBER_OBJECT_CONVERSION = YES_AGGRESSIVE;
				CLANG_CXX_LANGUAGE_STANDARD = "gnu++20";
				CLANG_ENABLE_MODULES = YES;
				CLANG_ENABLE_OBJC_ARC = YES;
				CLANG_ENABLE_OBJC_WEAK = YES;
				CLANG_WARN_BLOCK_CAPTURE_AUTORELEASING = YES;
				CLANG_WARN_BOOL_CONVERSION = YES;
				CLANG_WARN_COMMA = YES;
				CLANG_WARN_CONSTANT_CONVERSION = YES;
				CLANG_WARN_DEPRECATED_OBJC_IMPLEMENTATIONS = YES;
				CLANG_WARN_DIRECT_OBJC_ISA_USAGE = YES_ERROR;
				CLANG_WARN_DOCUMENTATION_COMMENTS = YES;
				CLANG_WARN_EMPTY_BODY = YES;
				CLANG_WARN_ENUM_CONVERSION = YES;
				CLANG_WARN_INFINITE_RECURSION = YES;
				CLANG_WARN_INT_CONVERSION = YES;
				CLANG_WARN_NON_LITERAL_NULL_CONVERSION = YES;
				CLANG_WARN_OBJC_IMPLICIT_RETAIN_SELF = YES;
				CLANG_WARN_OBJC_LITERAL_CONVERSION = YES;
				CLANG_WARN_OBJC_ROOT_CLASS = YES_ERROR;
				CLANG_WARN_QUOTED_INCLUDE_IN_FRAMEWORK_HEADER = YES;
				CLANG_WARN_RANGE_LOOP_ANALYSIS = YES;
				CLANG_WARN_STRICT_PROTOTYPES = YES;
				CLANG_WARN_SUSPICIOUS_MOVE = YES;
				CLANG_WARN_UNGUARDED_AVAILABILITY = YES_AGGRESSIVE;
				CLANG_WARN_UNREACHABLE_CODE = YES;
				CLANG_WARN__DUPLICATE_METHOD_MATCH = YES;
				COPY_PHASE_STRIP = NO;
				DEBUG_INFORMATION_FORMAT = "dwarf-with-dsym";
				ENABLE_NS_ASSERTIONS = NO;
				ENABLE_STRICT_OBJC_MSGSEND = YES;
				ENABLE_USER_SCRIPT_SANDBOXING = YES;
				GCC_C_LANGUAGE_STANDARD = gnu17;
				GCC_NO_COMMON_BLOCKS = YES;
				GCC_WARN_64_TO_32_BIT_CONVERSION = YES;
				GCC_WARN_ABOUT_RETURN_TYPE = YES_ERROR;
				GCC_WARN_UNDECLARED_SELECTOR = YES;
				GCC_WARN_UNINITIALIZED_AUTOS = YES_AGGRESSIVE;
				GCC_WARN_UNUSED_FUNCTION = YES;
				GCC_WARN_UNUSED_VARIABLE = YES;
				IPHONEOS_DEPLOYMENT_TARGET = 17.5;
				LOCALIZATION_PREFERS_STRING_CATALOGS = YES;
				MTL_ENABLE_DEBUG_INFO = NO;
				MTL_FAST_MATH = YES;
				SDKROOT = iphoneos;
				SWIFT_COMPILATION_MODE = wholemodule;
				VALIDATE_PRODUCT = YES;
			};
			name = Release;
		};
		57D807A22C87BEDD0097651F /* Debug */ = {
			isa = XCBuildConfiguration;
			buildSettings = {
				ALWAYS_EMBED_SWIFT_STANDARD_LIBRARIES = YES;
				ASSETCATALOG_COMPILER_APPICON_NAME = AppIcon;
				ASSETCATALOG_COMPILER_GLOBAL_ACCENT_COLOR_NAME = AccentColor;
				CODE_SIGN_STYLE = Automatic;
				CURRENT_PROJECT_VERSION = 1;
				DEVELOPMENT_ASSET_PATHS = "\"Landmarks/Preview Content\"";
				ENABLE_PREVIEWS = YES;
				GENERATE_INFOPLIST_FILE = YES;
				INFOPLIST_KEY_UIApplicationSceneManifest_Generation = YES;
				INFOPLIST_KEY_UIApplicationSupportsIndirectInputEvents = YES;
				INFOPLIST_KEY_UILaunchScreen_Generation = YES;
				INFOPLIST_KEY_UISupportedInterfaceOrientations_iPad = "UIInterfaceOrientationPortrait UIInterfaceOrientationPortraitUpsideDown UIInterfaceOrientationLandscapeLeft UIInterfaceOrientationLandscapeRight";
				INFOPLIST_KEY_UISupportedInterfaceOrientations_iPhone = "UIInterfaceOrientationPortrait UIInterfaceOrientationLandscapeLeft UIInterfaceOrientationLandscapeRight";
				LD_RUNPATH_SEARCH_PATHS = (
					"$(inherited)",
					"@executable_path/Frameworks",
				);
				MARKETING_VERSION = 1.0;
				PRODUCT_BUNDLE_IDENTIFIER = maximus.Landmarks;
				PRODUCT_NAME = "$(TARGET_NAME)";
				SWIFT_EMIT_LOC_STRINGS = YES;
				SWIFT_VERSION = 5.0;
				TARGETED_DEVICE_FAMILY = "1,2";
			};
			name = Debug;
		};
		57D807A32C87BEDD0097651F /* Release */ = {
			isa = XCBuildConfiguration;
			buildSettings = {
				ALWAYS_EMBED_SWIFT_STANDARD_LIBRARIES = YES;
				ASSETCATALOG_COMPILER_APPICON_NAME = AppIcon;
				ASSETCATALOG_COMPILER_GLOBAL_ACCENT_COLOR_NAME = AccentColor;
				CODE_SIGN_STYLE = Automatic;
				CURRENT_PROJECT_VERSION = 1;
				DEVELOPMENT_ASSET_PATHS = "\"Landmarks/Preview Content\"";
				ENABLE_PREVIEWS = YES;
				GENERATE_INFOPLIST_FILE = YES;
				INFOPLIST_KEY_UIApplicationSceneManifest_Generation = YES;
				INFOPLIST_KEY_UIApplicationSupportsIndirectInputEvents = YES;
				INFOPLIST_KEY_UILaunchScreen_Generation = YES;
				INFOPLIST_KEY_UISupportedInterfaceOrientations_iPad = "UIInterfaceOrientationPortrait UIInterfaceOrientationPortraitUpsideDown UIInterfaceOrientationLandscapeLeft UIInterfaceOrientationLandscapeRight";
				INFOPLIST_KEY_UISupportedInterfaceOrientations_iPhone = "UIInterfaceOrientationPortrait UIInterfaceOrientationLandscapeLeft UIInterfaceOrientationLandscapeRight";
				LD_RUNPATH_SEARCH_PATHS = (
					"$(inherited)",
					"@executable_path/Frameworks",
				);
				MARKETING_VERSION = 1.0;
				PRODUCT_BUNDLE_IDENTIFIER = maximus.Landmarks;
				PRODUCT_NAME = "$(TARGET_NAME)";
				SWIFT_EMIT_LOC_STRINGS = YES;
				SWIFT_VERSION = 5.0;
				TARGETED_DEVICE_FAMILY = "1,2";
			};
			name = Release;
		};
		57DEB3562C9764210096E517 /* Debug */ = {
			isa = XCBuildConfiguration;
			buildSettings = {
				ASSETCATALOG_COMPILER_APPICON_NAME = AppIcon;
				ASSETCATALOG_COMPILER_GLOBAL_ACCENT_COLOR_NAME = AccentColor;
				CODE_SIGN_STYLE = Automatic;
				CURRENT_PROJECT_VERSION = 1;
				DEVELOPMENT_ASSET_PATHS = "\"WatchLandmarks Watch App/Preview Content\"";
				ENABLE_PREVIEWS = YES;
				GENERATE_INFOPLIST_FILE = YES;
				INFOPLIST_KEY_CFBundleDisplayName = WatchLandmarks;
				INFOPLIST_KEY_UISupportedInterfaceOrientations = "UIInterfaceOrientationPortrait UIInterfaceOrientationPortraitUpsideDown";
				INFOPLIST_KEY_WKCompanionAppBundleIdentifier = maximus.Landmarks;
				INFOPLIST_KEY_WKRunsIndependentlyOfCompanionApp = YES;
				LD_RUNPATH_SEARCH_PATHS = (
					"$(inherited)",
					"@executable_path/Frameworks",
				);
				MARKETING_VERSION = 1.0;
				PRODUCT_BUNDLE_IDENTIFIER = maximus.Landmarks.watchkitapp;
				PRODUCT_NAME = "$(TARGET_NAME)";
				SDKROOT = watchos;
				SKIP_INSTALL = YES;
				SWIFT_EMIT_LOC_STRINGS = YES;
				SWIFT_VERSION = 5.0;
				TARGETED_DEVICE_FAMILY = 4;
				WATCHOS_DEPLOYMENT_TARGET = 10.5;
			};
			name = Debug;
		};
		57DEB3572C9764210096E517 /* Release */ = {
			isa = XCBuildConfiguration;
			buildSettings = {
				ASSETCATALOG_COMPILER_APPICON_NAME = AppIcon;
				ASSETCATALOG_COMPILER_GLOBAL_ACCENT_COLOR_NAME = AccentColor;
				CODE_SIGN_STYLE = Automatic;
				CURRENT_PROJECT_VERSION = 1;
				DEVELOPMENT_ASSET_PATHS = "\"WatchLandmarks Watch App/Preview Content\"";
				ENABLE_PREVIEWS = YES;
				GENERATE_INFOPLIST_FILE = YES;
				INFOPLIST_KEY_CFBundleDisplayName = WatchLandmarks;
				INFOPLIST_KEY_UISupportedInterfaceOrientations = "UIInterfaceOrientationPortrait UIInterfaceOrientationPortraitUpsideDown";
				INFOPLIST_KEY_WKCompanionAppBundleIdentifier = maximus.Landmarks;
				INFOPLIST_KEY_WKRunsIndependentlyOfCompanionApp = YES;
				LD_RUNPATH_SEARCH_PATHS = (
					"$(inherited)",
					"@executable_path/Frameworks",
				);
				MARKETING_VERSION = 1.0;
				PRODUCT_BUNDLE_IDENTIFIER = maximus.Landmarks.watchkitapp;
				PRODUCT_NAME = "$(TARGET_NAME)";
				SDKROOT = watchos;
				SKIP_INSTALL = YES;
				SWIFT_EMIT_LOC_STRINGS = YES;
				SWIFT_VERSION = 5.0;
				TARGETED_DEVICE_FAMILY = 4;
				WATCHOS_DEPLOYMENT_TARGET = 10.5;
			};
			name = Release;
		};
/* End XCBuildConfiguration section */

/* Begin XCConfigurationList section */
		578765482C9C8A9B00865C98 /* Build configuration list for PBXNativeTarget "MacLandmarks" */ = {
			isa = XCConfigurationList;
			buildConfigurations = (
				578765462C9C8A9B00865C98 /* Debug */,
				578765472C9C8A9B00865C98 /* Release */,
			);
			defaultConfigurationIsVisible = 0;
			defaultConfigurationName = Release;
		};
		57D8078E2C87BEDC0097651F /* Build configuration list for PBXProject "Landmarks" */ = {
			isa = XCConfigurationList;
			buildConfigurations = (
				57D8079F2C87BEDD0097651F /* Debug */,
				57D807A02C87BEDD0097651F /* Release */,
			);
			defaultConfigurationIsVisible = 0;
			defaultConfigurationName = Release;
		};
		57D807A12C87BEDD0097651F /* Build configuration list for PBXNativeTarget "Landmarks" */ = {
			isa = XCConfigurationList;
			buildConfigurations = (
				57D807A22C87BEDD0097651F /* Debug */,
				57D807A32C87BEDD0097651F /* Release */,
			);
			defaultConfigurationIsVisible = 0;
			defaultConfigurationName = Release;
		};
		57DEB3582C9764210096E517 /* Build configuration list for PBXNativeTarget "WatchLandmarks Watch App" */ = {
			isa = XCConfigurationList;
			buildConfigurations = (
				57DEB3562C9764210096E517 /* Debug */,
				57DEB3572C9764210096E517 /* Release */,
			);
			defaultConfigurationIsVisible = 0;
			defaultConfigurationName = Release;
		};
/* End XCConfigurationList section */
	};
	rootObject = 57D8078B2C87BEDC0097651F /* Project object */;
}
